// !$*UTF8*$!
{
	archiveVersion = 1;
	classes = {
	};
	objectVersion = 56;
	objects = {

/* Begin PBXBuildFile section */
		0CAB442B2B4B9ACE008E4F3E /* AppDelegate.swift in Sources */ = {isa = PBXBuildFile; fileRef = 0CAB442A2B4B9ACE008E4F3E /* AppDelegate.swift */; };
		0CAB442D2B4B9ACE008E4F3E /* SceneDelegate.swift in Sources */ = {isa = PBXBuildFile; fileRef = 0CAB442C2B4B9ACE008E4F3E /* SceneDelegate.swift */; };
		0CAB442F2B4B9ACE008E4F3E /* ViewController.swift in Sources */ = {isa = PBXBuildFile; fileRef = 0CAB442E2B4B9ACE008E4F3E /* ViewController.swift */; };
		0CAB44322B4B9ACE008E4F3E /* Main.storyboard in Resources */ = {isa = PBXBuildFile; fileRef = 0CAB44302B4B9ACE008E4F3E /* Main.storyboard */; };
		0CAB44342B4B9ACE008E4F3E /* Assets.xcassets in Resources */ = {isa = PBXBuildFile; fileRef = 0CAB44332B4B9ACE008E4F3E /* Assets.xcassets */; };
		0CAB44372B4B9ACE008E4F3E /* LaunchScreen.storyboard in Resources */ = {isa = PBXBuildFile; fileRef = 0CAB44352B4B9ACE008E4F3E /* LaunchScreen.storyboard */; };
		0CAB44422B4B9ACF008E4F3E /* TicTacToeTests.swift in Sources */ = {isa = PBXBuildFile; fileRef = 0CAB44412B4B9ACF008E4F3E /* TicTacToeTests.swift */; };
		0CAB444C2B4B9ACF008E4F3E /* TicTacToeUITests.swift in Sources */ = {isa = PBXBuildFile; fileRef = 0CAB444B2B4B9ACF008E4F3E /* TicTacToeUITests.swift */; };
		0CAB444E2B4B9ACF008E4F3E /* TicTacToeUITestsLaunchTests.swift in Sources */ = {isa = PBXBuildFile; fileRef = 0CAB444D2B4B9ACF008E4F3E /* TicTacToeUITestsLaunchTests.swift */; };
/* End PBXBuildFile section */

/* Begin PBXContainerItemProxy section */
		0CAB443E2B4B9ACF008E4F3E /* PBXContainerItemProxy */ = {
			isa = PBXContainerItemProxy;
			containerPortal = 0CAB441F2B4B9ACE008E4F3E /* Project object */;
			proxyType = 1;
			remoteGlobalIDString = 0CAB44262B4B9ACE008E4F3E;
			remoteInfo = TicTacToe;
		};
		0CAB44482B4B9ACF008E4F3E /* PBXContainerItemProxy */ = {
			isa = PBXContainerItemProxy;
			containerPortal = 0CAB441F2B4B9ACE008E4F3E /* Project object */;
			proxyType = 1;
			remoteGlobalIDString = 0CAB44262B4B9ACE008E4F3E;
			remoteInfo = TicTacToe;
		};
/* End PBXContainerItemProxy section */

/* Begin PBXFileReference section */
		0CAB44272B4B9ACE008E4F3E /* TicTacToe.app */ = {isa = PBXFileReference; explicitFileType = wrapper.application; includeInIndex = 0; path = TicTacToe.app; sourceTree = BUILT_PRODUCTS_DIR; };
		0CAB442A2B4B9ACE008E4F3E /* AppDelegate.swift */ = {isa = PBXFileReference; lastKnownFileType = sourcecode.swift; path = AppDelegate.swift; sourceTree = "<group>"; };
		0CAB442C2B4B9ACE008E4F3E /* SceneDelegate.swift */ = {isa = PBXFileReference; lastKnownFileType = sourcecode.swift; path = SceneDelegate.swift; sourceTree = "<group>"; };
		0CAB442E2B4B9ACE008E4F3E /* ViewController.swift */ = {isa = PBXFileReference; lastKnownFileType = sourcecode.swift; path = ViewController.swift; sourceTree = "<group>"; };
		0CAB44312B4B9ACE008E4F3E /* Base */ = {isa = PBXFileReference; lastKnownFileType = file.storyboard; name = Base; path = Base.lproj/Main.storyboard; sourceTree = "<group>"; };
		0CAB44332B4B9ACE008E4F3E /* Assets.xcassets */ = {isa = PBXFileReference; lastKnownFileType = folder.assetcatalog; path = Assets.xcassets; sourceTree = "<group>"; };
		0CAB44362B4B9ACE008E4F3E /* Base */ = {isa = PBXFileReference; lastKnownFileType = file.storyboard; name = Base; path = Base.lproj/LaunchScreen.storyboard; sourceTree = "<group>"; };
		0CAB44382B4B9ACE008E4F3E /* Info.plist */ = {isa = PBXFileReference; lastKnownFileType = text.plist.xml; path = Info.plist; sourceTree = "<group>"; };
		0CAB443D2B4B9ACF008E4F3E /* TicTacToeTests.xctest */ = {isa = PBXFileReference; explicitFileType = wrapper.cfbundle; includeInIndex = 0; path = TicTacToeTests.xctest; sourceTree = BUILT_PRODUCTS_DIR; };
		0CAB44412B4B9ACF008E4F3E /* TicTacToeTests.swift */ = {isa = PBXFileReference; lastKnownFileType = sourcecode.swift; path = TicTacToeTests.swift; sourceTree = "<group>"; };
		0CAB44472B4B9ACF008E4F3E /* TicTacToeUITests.xctest */ = {isa = PBXFileReference; explicitFileType = wrapper.cfbundle; includeInIndex = 0; path = TicTacToeUITests.xctest; sourceTree = BUILT_PRODUCTS_DIR; };
		0CAB444B2B4B9ACF008E4F3E /* TicTacToeUITests.swift */ = {isa = PBXFileReference; lastKnownFileType = sourcecode.swift; path = TicTacToeUITests.swift; sourceTree = "<group>"; };
		0CAB444D2B4B9ACF008E4F3E /* TicTacToeUITestsLaunchTests.swift */ = {isa = PBXFileReference; lastKnownFileType = sourcecode.swift; path = TicTacToeUITestsLaunchTests.swift; sourceTree = "<group>"; };
/* End PBXFileReference section */

/* Begin PBXFrameworksBuildPhase section */
		0CAB44242B4B9ACE008E4F3E /* Frameworks */ = {
			isa = PBXFrameworksBuildPhase;
			buildActionMask = 2147483647;
			files = (
			);
			runOnlyForDeploymentPostprocessing = 0;
		};
		0CAB443A2B4B9ACF008E4F3E /* Frameworks */ = {
			isa = PBXFrameworksBuildPhase;
			buildActionMask = 2147483647;
			files = (
			);
			runOnlyForDeploymentPostprocessing = 0;
		};
		0CAB44442B4B9ACF008E4F3E /* Frameworks */ = {
			isa = PBXFrameworksBuildPhase;
			buildActionMask = 2147483647;
			files = (
			);
			runOnlyForDeploymentPostprocessing = 0;
		};
/* End PBXFrameworksBuildPhase section */

/* Begin PBXGroup section */
		0CAB441E2B4B9ACE008E4F3E = {
			isa = PBXGroup;
			children = (
				0CAB44292B4B9ACE008E4F3E /* TicTacToe */,
				0CAB44402B4B9ACF008E4F3E /* TicTacToeTests */,
				0CAB444A2B4B9ACF008E4F3E /* TicTacToeUITests */,
				0CAB44282B4B9ACE008E4F3E /* Products */,
			);
			sourceTree = "<group>";
		};
		0CAB44282B4B9ACE008E4F3E /* Products */ = {
			isa = PBXGroup;
			children = (
				0CAB44272B4B9ACE008E4F3E /* TicTacToe.app */,
				0CAB443D2B4B9ACF008E4F3E /* TicTacToeTests.xctest */,
				0CAB44472B4B9ACF008E4F3E /* TicTacToeUITests.xctest */,
			);
			name = Products;
			sourceTree = "<group>";
		};
		0CAB44292B4B9ACE008E4F3E /* TicTacToe */ = {
			isa = PBXGroup;
			children = (
				0CAB442A2B4B9ACE008E4F3E /* AppDelegate.swift */,
				0CAB442C2B4B9ACE008E4F3E /* SceneDelegate.swift */,
				0CAB442E2B4B9ACE008E4F3E /* ViewController.swift */,
				0CAB44302B4B9ACE008E4F3E /* Main.storyboard */,
				0CAB44332B4B9ACE008E4F3E /* Assets.xcassets */,
				0CAB44352B4B9ACE008E4F3E /* LaunchScreen.storyboard */,
				0CAB44382B4B9ACE008E4F3E /* Info.plist */,
			);
			path = TicTacToe;
			sourceTree = "<group>";
		};
		0CAB44402B4B9ACF008E4F3E /* TicTacToeTests */ = {
			isa = PBXGroup;
			children = (
				0CAB44412B4B9ACF008E4F3E /* TicTacToeTests.swift */,
			);
			path = TicTacToeTests;
			sourceTree = "<group>";
		};
		0CAB444A2B4B9ACF008E4F3E /* TicTacToeUITests */ = {
			isa = PBXGroup;
			children = (
				0CAB444B2B4B9ACF008E4F3E /* TicTacToeUITests.swift */,
				0CAB444D2B4B9ACF008E4F3E /* TicTacToeUITestsLaunchTests.swift */,
			);
			path = TicTacToeUITests;
			sourceTree = "<group>";
		};
/* End PBXGroup section */

/* Begin PBXNativeTarget section */
		0CAB44262B4B9ACE008E4F3E /* TicTacToe */ = {
			isa = PBXNativeTarget;
			buildConfigurationList = 0CAB44512B4B9ACF008E4F3E /* Build configuration list for PBXNativeTarget "TicTacToe" */;
			buildPhases = (
				0CAB44232B4B9ACE008E4F3E /* Sources */,
				0CAB44242B4B9ACE008E4F3E /* Frameworks */,
				0CAB44252B4B9ACE008E4F3E /* Resources */,
			);
			buildRules = (
			);
			dependencies = (
			);
			name = TicTacToe;
			productName = TicTacToe;
			productReference = 0CAB44272B4B9ACE008E4F3E /* TicTacToe.app */;
			productType = "com.apple.product-type.application";
		};
		0CAB443C2B4B9ACF008E4F3E /* TicTacToeTests */ = {
			isa = PBXNativeTarget;
			buildConfigurationList = 0CAB44542B4B9ACF008E4F3E /* Build configuration list for PBXNativeTarget "TicTacToeTests" */;
			buildPhases = (
				0CAB44392B4B9ACF008E4F3E /* Sources */,
				0CAB443A2B4B9ACF008E4F3E /* Frameworks */,
				0CAB443B2B4B9ACF008E4F3E /* Resources */,
			);
			buildRules = (
			);
			dependencies = (
				0CAB443F2B4B9ACF008E4F3E /* PBXTargetDependency */,
			);
			name = TicTacToeTests;
			productName = TicTacToeTests;
			productReference = 0CAB443D2B4B9ACF008E4F3E /* TicTacToeTests.xctest */;
			productType = "com.apple.product-type.bundle.unit-test";
		};
		0CAB44462B4B9ACF008E4F3E /* TicTacToeUITests */ = {
			isa = PBXNativeTarget;
			buildConfigurationList = 0CAB44572B4B9ACF008E4F3E /* Build configuration list for PBXNativeTarget "TicTacToeUITests" */;
			buildPhases = (
				0CAB44432B4B9ACF008E4F3E /* Sources */,
				0CAB44442B4B9ACF008E4F3E /* Frameworks */,
				0CAB44452B4B9ACF008E4F3E /* Resources */,
			);
			buildRules = (
			);
			dependencies = (
				0CAB44492B4B9ACF008E4F3E /* PBXTargetDependency */,
			);
			name = TicTacToeUITests;
			productName = TicTacToeUITests;
			productReference = 0CAB44472B4B9ACF008E4F3E /* TicTacToeUITests.xctest */;
			productType = "com.apple.product-type.bundle.ui-testing";
		};
/* End PBXNativeTarget section */

/* Begin PBXProject section */
		0CAB441F2B4B9ACE008E4F3E /* Project object */ = {
			isa = PBXProject;
			attributes = {
				BuildIndependentTargetsInParallel = 1;
				LastSwiftUpdateCheck = 1510;
				LastUpgradeCheck = 1510;
				TargetAttributes = {
					0CAB44262B4B9ACE008E4F3E = {
						CreatedOnToolsVersion = 15.1;
					};
					0CAB443C2B4B9ACF008E4F3E = {
						CreatedOnToolsVersion = 15.1;
						TestTargetID = 0CAB44262B4B9ACE008E4F3E;
					};
					0CAB44462B4B9ACF008E4F3E = {
						CreatedOnToolsVersion = 15.1;
						TestTargetID = 0CAB44262B4B9ACE008E4F3E;
					};
				};
			};
			buildConfigurationList = 0CAB44222B4B9ACE008E4F3E /* Build configuration list for PBXProject "TicTacToe" */;
			compatibilityVersion = "Xcode 14.0";
			developmentRegion = en;
			hasScannedForEncodings = 0;
			knownRegions = (
				en,
				Base,
			);
			mainGroup = 0CAB441E2B4B9ACE008E4F3E;
			productRefGroup = 0CAB44282B4B9ACE008E4F3E /* Products */;
			projectDirPath = "";
			projectRoot = "";
			targets = (
				0CAB44262B4B9ACE008E4F3E /* TicTacToe */,
				0CAB443C2B4B9ACF008E4F3E /* TicTacToeTests */,
				0CAB44462B4B9ACF008E4F3E /* TicTacToeUITests */,
			);
		};
/* End PBXProject section */

/* Begin PBXResourcesBuildPhase section */
		0CAB44252B4B9ACE008E4F3E /* Resources */ = {
			isa = PBXResourcesBuildPhase;
			buildActionMask = 2147483647;
			files = (
				0CAB44372B4B9ACE008E4F3E /* LaunchScreen.storyboard in Resources */,
				0CAB44342B4B9ACE008E4F3E /* Assets.xcassets in Resources */,
				0CAB44322B4B9ACE008E4F3E /* Main.storyboard in Resources */,
			);
			runOnlyForDeploymentPostprocessing = 0;
		};
		0CAB443B2B4B9ACF008E4F3E /* Resources */ = {
			isa = PBXResourcesBuildPhase;
			buildActionMask = 2147483647;
			files = (
			);
			runOnlyForDeploymentPostprocessing = 0;
		};
		0CAB44452B4B9ACF008E4F3E /* Resources */ = {
			isa = PBXResourcesBuildPhase;
			buildActionMask = 2147483647;
			files = (
			);
			runOnlyForDeploymentPostprocessing = 0;
		};
/* End PBXResourcesBuildPhase section */

/* Begin PBXSourcesBuildPhase section */
		0CAB44232B4B9ACE008E4F3E /* Sources */ = {
			isa = PBXSourcesBuildPhase;
			buildActionMask = 2147483647;
			files = (
				0CAB442F2B4B9ACE008E4F3E /* ViewController.swift in Sources */,
				0CAB442B2B4B9ACE008E4F3E /* AppDelegate.swift in Sources */,
				0CAB442D2B4B9ACE008E4F3E /* SceneDelegate.swift in Sources */,
			);
			runOnlyForDeploymentPostprocessing = 0;
		};
		0CAB44392B4B9ACF008E4F3E /* Sources */ = {
			isa = PBXSourcesBuildPhase;
			buildActionMask = 2147483647;
			files = (
				0CAB44422B4B9ACF008E4F3E /* TicTacToeTests.swift in Sources */,
			);
			runOnlyForDeploymentPostprocessing = 0;
		};
		0CAB44432B4B9ACF008E4F3E /* Sources */ = {
			isa = PBXSourcesBuildPhase;
			buildActionMask = 2147483647;
			files = (
				0CAB444C2B4B9ACF008E4F3E /* TicTacToeUITests.swift in Sources */,
				0CAB444E2B4B9ACF008E4F3E /* TicTacToeUITestsLaunchTests.swift in Sources */,
			);
			runOnlyForDeploymentPostprocessing = 0;
		};
/* End PBXSourcesBuildPhase section */

/* Begin PBXTargetDependency section */
		0CAB443F2B4B9ACF008E4F3E /* PBXTargetDependency */ = {
			isa = PBXTargetDependency;
			target = 0CAB44262B4B9ACE008E4F3E /* TicTacToe */;
			targetProxy = 0CAB443E2B4B9ACF008E4F3E /* PBXContainerItemProxy */;
		};
		0CAB44492B4B9ACF008E4F3E /* PBXTargetDependency */ = {
			isa = PBXTargetDependency;
			target = 0CAB44262B4B9ACE008E4F3E /* TicTacToe */;
			targetProxy = 0CAB44482B4B9ACF008E4F3E /* PBXContainerItemProxy */;
		};
/* End PBXTargetDependency section */

/* Begin PBXVariantGroup section */
		0CAB44302B4B9ACE008E4F3E /* Main.storyboard */ = {
			isa = PBXVariantGroup;
			children = (
				0CAB44312B4B9ACE008E4F3E /* Base */,
			);
			name = Main.storyboard;
			sourceTree = "<group>";
		};
		0CAB44352B4B9ACE008E4F3E /* LaunchScreen.storyboard */ = {
			isa = PBXVariantGroup;
			children = (
				0CAB44362B4B9ACE008E4F3E /* Base */,
			);
			name = LaunchScreen.storyboard;
			sourceTree = "<group>";
		};
/* End PBXVariantGroup section */

/* Begin XCBuildConfiguration section */
		0CAB444F2B4B9ACF008E4F3E /* Debug */ = {
			isa = XCBuildConfiguration;
			buildSettings = {
				ALWAYS_SEARCH_USER_PATHS = NO;
				ASSETCATALOG_COMPILER_GENERATE_SWIFT_ASSET_SYMBOL_EXTENSIONS = YES;
				CLANG_ANALYZER_NONNULL = YES;
				CLANG_ANALYZER_NUMBER_OBJECT_CONVERSION = YES_AGGRESSIVE;
				CLANG_CXX_LANGUAGE_STANDARD = "gnu++20";
				CLANG_ENABLE_MODULES = YES;
				CLANG_ENABLE_OBJC_ARC = YES;
				CLANG_ENABLE_OBJC_WEAK = YES;
				CLANG_WARN_BLOCK_CAPTURE_AUTORELEASING = YES;
				CLANG_WARN_BOOL_CONVERSION = YES;
				CLANG_WARN_COMMA = YES;
				CLANG_WARN_CONSTANT_CONVERSION = YES;
				CLANG_WARN_DEPRECATED_OBJC_IMPLEMENTATIONS = YES;
				CLANG_WARN_DIRECT_OBJC_ISA_USAGE = YES_ERROR;
				CLANG_WARN_DOCUMENTATION_COMMENTS = YES;
				CLANG_WARN_EMPTY_BODY = YES;
				CLANG_WARN_ENUM_CONVERSION = YES;
				CLANG_WARN_INFINITE_RECURSION = YES;
				CLANG_WARN_INT_CONVERSION = YES;
				CLANG_WARN_NON_LITERAL_NULL_CONVERSION = YES;
				CLANG_WARN_OBJC_IMPLICIT_RETAIN_SELF = YES;
				CLANG_WARN_OBJC_LITERAL_CONVERSION = YES;
				CLANG_WARN_OBJC_ROOT_CLASS = YES_ERROR;
				CLANG_WARN_QUOTED_INCLUDE_IN_FRAMEWORK_HEADER = YES;
				CLANG_WARN_RANGE_LOOP_ANALYSIS = YES;
				CLANG_WARN_STRICT_PROTOTYPES = YES;
				CLANG_WARN_SUSPICIOUS_MOVE = YES;
				CLANG_WARN_UNGUARDED_AVAILABILITY = YES_AGGRESSIVE;
				CLANG_WARN_UNREACHABLE_CODE = YES;
				CLANG_WARN__DUPLICATE_METHOD_MATCH = YES;
				COPY_PHASE_STRIP = NO;
				DEBUG_INFORMATION_FORMAT = dwarf;
				ENABLE_STRICT_OBJC_MSGSEND = YES;
				ENABLE_TESTABILITY = YES;
				ENABLE_USER_SCRIPT_SANDBOXING = YES;
				GCC_C_LANGUAGE_STANDARD = gnu17;
				GCC_DYNAMIC_NO_PIC = NO;
				GCC_NO_COMMON_BLOCKS = YES;
				GCC_OPTIMIZATION_LEVEL = 0;
				GCC_PREPROCESSOR_DEFINITIONS = (
					"DEBUG=1",
					"$(inherited)",
				);
				GCC_WARN_64_TO_32_BIT_CONVERSION = YES;
				GCC_WARN_ABOUT_RETURN_TYPE = YES_ERROR;
				GCC_WARN_UNDECLARED_SELECTOR = YES;
				GCC_WARN_UNINITIALIZED_AUTOS = YES_AGGRESSIVE;
				GCC_WARN_UNUSED_FUNCTION = YES;
				GCC_WARN_UNUSED_VARIABLE = YES;
				IPHONEOS_DEPLOYMENT_TARGET = 17.2;
				LOCALIZATION_PREFERS_STRING_CATALOGS = YES;
				MTL_ENABLE_DEBUG_INFO = INCLUDE_SOURCE;
				MTL_FAST_MATH = YES;
				ONLY_ACTIVE_ARCH = YES;
				SDKROOT = iphoneos;
				SWIFT_ACTIVE_COMPILATION_CONDITIONS = "DEBUG $(inherited)";
				SWIFT_OPTIMIZATION_LEVEL = "-Onone";
			};
			name = Debug;
		};
		0CAB44502B4B9ACF008E4F3E /* Release */ = {
			isa = XCBuildConfiguration;
			buildSettings = {
				ALWAYS_SEARCH_USER_PATHS = NO;
				ASSETCATALOG_COMPILER_GENERATE_SWIFT_ASSET_SYMBOL_EXTENSIONS = YES;
				CLANG_ANALYZER_NONNULL = YES;
				CLANG_ANALYZER_NUMBER_OBJECT_CONVERSION = YES_AGGRESSIVE;
				CLANG_CXX_LANGUAGE_STANDARD = "gnu++20";
				CLANG_ENABLE_MODULES = YES;
				CLANG_ENABLE_OBJC_ARC = YES;
				CLANG_ENABLE_OBJC_WEAK = YES;
				CLANG_WARN_BLOCK_CAPTURE_AUTORELEASING = YES;
				CLANG_WARN_BOOL_CONVERSION = YES;
				CLANG_WARN_COMMA = YES;
				CLANG_WARN_CONSTANT_CONVERSION = YES;
				CLANG_WARN_DEPRECATED_OBJC_IMPLEMENTATIONS = YES;
				CLANG_WARN_DIRECT_OBJC_ISA_USAGE = YES_ERROR;
				CLANG_WARN_DOCUMENTATION_COMMENTS = YES;
				CLANG_WARN_EMPTY_BODY = YES;
				CLANG_WARN_ENUM_CONVERSION = YES;
				CLANG_WARN_INFINITE_RECURSION = YES;
				CLANG_WARN_INT_CONVERSION = YES;
				CLANG_WARN_NON_LITERAL_NULL_CONVERSION = YES;
				CLANG_WARN_OBJC_IMPLICIT_RETAIN_SELF = YES;
				CLANG_WARN_OBJC_LITERAL_CONVERSION = YES;
				CLANG_WARN_OBJC_ROOT_CLASS = YES_ERROR;
				CLANG_WARN_QUOTED_INCLUDE_IN_FRAMEWORK_HEADER = YES;
				CLANG_WARN_RANGE_LOOP_ANALYSIS = YES;
				CLANG_WARN_STRICT_PROTOTYPES = YES;
				CLANG_WARN_SUSPICIOUS_MOVE = YES;
				CLANG_WARN_UNGUARDED_AVAILABILITY = YES_AGGRESSIVE;
				CLANG_WARN_UNREACHABLE_CODE = YES;
				CLANG_WARN__DUPLICATE_METHOD_MATCH = YES;
				COPY_PHASE_STRIP = NO;
				DEBUG_INFORMATION_FORMAT = "dwarf-with-dsym";
				ENABLE_NS_ASSERTIONS = NO;
				ENABLE_STRICT_OBJC_MSGSEND = YES;
				ENABLE_USER_SCRIPT_SANDBOXING = YES;
				GCC_C_LANGUAGE_STANDARD = gnu17;
				GCC_NO_COMMON_BLOCKS = YES;
				GCC_WARN_64_TO_32_BIT_CONVERSION = YES;
				GCC_WARN_ABOUT_RETURN_TYPE = YES_ERROR;
				GCC_WARN_UNDECLARED_SELECTOR = YES;
				GCC_WARN_UNINITIALIZED_AUTOS = YES_AGGRESSIVE;
				GCC_WARN_UNUSED_FUNCTION = YES;
				GCC_WARN_UNUSED_VARIABLE = YES;
				IPHONEOS_DEPLOYMENT_TARGET = 17.2;
				LOCALIZATION_PREFERS_STRING_CATALOGS = YES;
				MTL_ENABLE_DEBUG_INFO = NO;
				MTL_FAST_MATH = YES;
				SDKROOT = iphoneos;
				SWIFT_COMPILATION_MODE = wholemodule;
				VALIDATE_PRODUCT = YES;
			};
			name = Release;
		};
		0CAB44522B4B9ACF008E4F3E /* Debug */ = {
			isa = XCBuildConfiguration;
			buildSettings = {
				ASSETCATALOG_COMPILER_APPICON_NAME = AppIcon;
				ASSETCATALOG_COMPILER_GLOBAL_ACCENT_COLOR_NAME = AccentColor;
				CODE_SIGN_STYLE = Automatic;
				CURRENT_PROJECT_VERSION = 1;
				GENERATE_INFOPLIST_FILE = YES;
				INFOPLIST_FILE = TicTacToe/Info.plist;
				INFOPLIST_KEY_UIApplicationSupportsIndirectInputEvents = YES;
				INFOPLIST_KEY_UILaunchStoryboardName = LaunchScreen;
				INFOPLIST_KEY_UIMainStoryboardFile = Main;
				INFOPLIST_KEY_UISupportedInterfaceOrientations_iPad = "UIInterfaceOrientationPortrait UIInterfaceOrientationPortraitUpsideDown UIInterfaceOrientationLandscapeLeft UIInterfaceOrientationLandscapeRight";
				INFOPLIST_KEY_UISupportedInterfaceOrientations_iPhone = "UIInterfaceOrientationPortrait UIInterfaceOrientationLandscapeLeft UIInterfaceOrientationLandscapeRight";
				LD_RUNPATH_SEARCH_PATHS = (
					"$(inherited)",
					"@executable_path/Frameworks",
				);
				MARKETING_VERSION = 1.0;
				PRODUCT_BUNDLE_IDENTIFIER = com.G.TicTacToe;
				PRODUCT_NAME = "$(TARGET_NAME)";
				SWIFT_EMIT_LOC_STRINGS = YES;
				SWIFT_VERSION = 5.0;
				TARGETED_DEVICE_FAMILY = "1,2";
			};
			name = Debug;
		};
		0CAB44532B4B9ACF008E4F3E /* Release */ = {
			isa = XCBuildConfiguration;
			buildSettings = {
				ASSETCATALOG_COMPILER_APPICON_NAME = AppIcon;
				ASSETCATALOG_COMPILER_GLOBAL_ACCENT_COLOR_NAME = AccentColor;
				CODE_SIGN_STYLE = Automatic;
				CURRENT_PROJECT_VERSION = 1;
				GENERATE_INFOPLIST_FILE = YES;
				INFOPLIST_FILE = TicTacToe/Info.plist;
				INFOPLIST_KEY_UIApplicationSupportsIndirectInputEvents = YES;
				INFOPLIST_KEY_UILaunchStoryboardName = LaunchScreen;
				INFOPLIST_KEY_UIMainStoryboardFile = Main;
				INFOPLIST_KEY_UISupportedInterfaceOrientations_iPad = "UIInterfaceOrientationPortrait UIInterfaceOrientationPortraitUpsideDown UIInterfaceOrientationLandscapeLeft UIInterfaceOrientationLandscapeRight";
				INFOPLIST_KEY_UISupportedInterfaceOrientations_iPhone = "UIInterfaceOrientationPortrait UIInterfaceOrientationLandscapeLeft UIInterfaceOrientationLandscapeRight";
				LD_RUNPATH_SEARCH_PATHS = (
					"$(inherited)",
					"@executable_path/Frameworks",
				);
				MARKETING_VERSION = 1.0;
				PRODUCT_BUNDLE_IDENTIFIER = com.G.TicTacToe;
				PRODUCT_NAME = "$(TARGET_NAME)";
				SWIFT_EMIT_LOC_STRINGS = YES;
				SWIFT_VERSION = 5.0;
				TARGETED_DEVICE_FAMILY = "1,2";
			};
			name = Release;
		};
		0CAB44552B4B9ACF008E4F3E /* Debug */ = {
			isa = XCBuildConfiguration;
			buildSettings = {
				ALWAYS_EMBED_SWIFT_STANDARD_LIBRARIES = YES;
				BUNDLE_LOADER = "$(TEST_HOST)";
				CODE_SIGN_STYLE = Automatic;
				CURRENT_PROJECT_VERSION = 1;
				GENERATE_INFOPLIST_FILE = YES;
				IPHONEOS_DEPLOYMENT_TARGET = 17.2;
				MARKETING_VERSION = 1.0;
				PRODUCT_BUNDLE_IDENTIFIER = com.G.TicTacToeTests;
				PRODUCT_NAME = "$(TARGET_NAME)";
				SWIFT_EMIT_LOC_STRINGS = NO;
				SWIFT_VERSION = 5.0;
				TARGETED_DEVICE_FAMILY = "1,2";
				TEST_HOST = "$(BUILT_PRODUCTS_DIR)/TicTacToe.app/$(BUNDLE_EXECUTABLE_FOLDER_PATH)/TicTacToe";
			};
			name = Debug;
		};
		0CAB44562B4B9ACF008E4F3E /* Release */ = {
			isa = XCBuildConfiguration;
			buildSettings = {
				ALWAYS_EMBED_SWIFT_STANDARD_LIBRARIES = YES;
				BUNDLE_LOADER = "$(TEST_HOST)";
				CODE_SIGN_STYLE = Automatic;
				CURRENT_PROJECT_VERSION = 1;
				GENERATE_INFOPLIST_FILE = YES;
				IPHONEOS_DEPLOYMENT_TARGET = 17.2;
				MARKETING_VERSION = 1.0;
				PRODUCT_BUNDLE_IDENTIFIER = com.G.TicTacToeTests;
				PRODUCT_NAME = "$(TARGET_NAME)";
				SWIFT_EMIT_LOC_STRINGS = NO;
				SWIFT_VERSION = 5.0;
				TARGETED_DEVICE_FAMILY = "1,2";
				TEST_HOST = "$(BUILT_PRODUCTS_DIR)/TicTacToe.app/$(BUNDLE_EXECUTABLE_FOLDER_PATH)/TicTacToe";
			};
			name = Release;
		};
		0CAB44582B4B9ACF008E4F3E /* Debug */ = {
			isa = XCBuildConfiguration;
			buildSettings = {
				ALWAYS_EMBED_SWIFT_STANDARD_LIBRARIES = YES;
				CODE_SIGN_STYLE = Automatic;
				CURRENT_PROJECT_VERSION = 1;
				GENERATE_INFOPLIST_FILE = YES;
				MARKETING_VERSION = 1.0;
				PRODUCT_BUNDLE_IDENTIFIER = com.G.TicTacToeUITests;
				PRODUCT_NAME = "$(TARGET_NAME)";
				SWIFT_EMIT_LOC_STRINGS = NO;
				SWIFT_VERSION = 5.0;
				TARGETED_DEVICE_FAMILY = "1,2";
				TEST_TARGET_NAME = TicTacToe;
			};
			name = Debug;
		};
		0CAB44592B4B9ACF008E4F3E /* Release */ = {
			isa = XCBuildConfiguration;
			buildSettings = {
				ALWAYS_EMBED_SWIFT_STANDARD_LIBRARIES = YES;
				CODE_SIGN_STYLE = Automatic;
				CURRENT_PROJECT_VERSION = 1;
				GENERATE_INFOPLIST_FILE = YES;
				MARKETING_VERSION = 1.0;
				PRODUCT_BUNDLE_IDENTIFIER = com.G.TicTacToeUITests;
				PRODUCT_NAME = "$(TARGET_NAME)";
				SWIFT_EMIT_LOC_STRINGS = NO;
				SWIFT_VERSION = 5.0;
				TARGETED_DEVICE_FAMILY = "1,2";
				TEST_TARGET_NAME = TicTacToe;
			};
			name = Release;
		};
/* End XCBuildConfiguration section */

/* Begin XCConfigurationList section */
		0CAB44222B4B9ACE008E4F3E /* Build configuration list for PBXProject "TicTacToe" */ = {
			isa = XCConfigurationList;
			buildConfigurations = (
				0CAB444F2B4B9ACF008E4F3E /* Debug */,
				0CAB44502B4B9ACF008E4F3E /* Release */,
			);
			defaultConfigurationIsVisible = 0;
			defaultConfigurationName = Release;
		};
		0CAB44512B4B9ACF008E4F3E /* Build configuration list for PBXNativeTarget "TicTacToe" */ = {
			isa = XCConfigurationList;
			buildConfigurations = (
				0CAB44522B4B9ACF008E4F3E /* Debug */,
				0CAB44532B4B9ACF008E4F3E /* Release */,
			);
			defaultConfigurationIsVisible = 0;
			defaultConfigurationName = Release;
		};
		0CAB44542B4B9ACF008E4F3E /* Build configuration list for PBXNativeTarget "TicTacToeTests" */ = {
			isa = XCConfigurationList;
			buildConfigurations = (
				0CAB44552B4B9ACF008E4F3E /* Debug */,
				0CAB44562B4B9ACF008E4F3E /* Release */,
			);
			defaultConfigurationIsVisible = 0;
			defaultConfigurationName = Release;
		};
		0CAB44572B4B9ACF008E4F3E /* Build configuration list for PBXNativeTarget "TicTacToeUITests" */ = {
			isa = XCConfigurationList;
			buildConfigurations = (
				0CAB44582B4B9ACF008E4F3E /* Debug */,
				0CAB44592B4B9ACF008E4F3E /* Release */,
			);
			defaultConfigurationIsVisible = 0;
			defaultConfigurationName = Release;
		};
/* End XCConfigurationList section */
	};
	rootObject = 0CAB441F2B4B9ACE008E4F3E /* Project object */;
}
