// !$*UTF8*$!
{
	archiveVersion = 1;
	classes = {
	};
	objectVersion = 56;
	objects = {

/* Begin PBXBuildFile section */
		0CBD132F2B57D911000FCFBE /* AppDelegate.swift in Sources */ = {isa = PBXBuildFile; fileRef = 0CBD132E2B57D911000FCFBE /* AppDelegate.swift */; };
		0CBD13312B57D911000FCFBE /* SceneDelegate.swift in Sources */ = {isa = PBXBuildFile; fileRef = 0CBD13302B57D911000FCFBE /* SceneDelegate.swift */; };
		0CBD13332B57D911000FCFBE /* NoteDetailVC.swift in Sources */ = {isa = PBXBuildFile; fileRef = 0CBD13322B57D911000FCFBE /* NoteDetailVC.swift */; };
		0CBD13362B57D911000FCFBE /* Main.storyboard in Resources */ = {isa = PBXBuildFile; fileRef = 0CBD13342B57D911000FCFBE /* Main.storyboard */; };
		0CBD13392B57D911000FCFBE /* Note.xcdatamodeld in Sources */ = {isa = PBXBuildFile; fileRef = 0CBD13372B57D911000FCFBE /* Note.xcdatamodeld */; };
		0CBD133B2B57D912000FCFBE /* Assets.xcassets in Resources */ = {isa = PBXBuildFile; fileRef = 0CBD133A2B57D912000FCFBE /* Assets.xcassets */; };
		0CBD133E2B57D912000FCFBE /* LaunchScreen.storyboard in Resources */ = {isa = PBXBuildFile; fileRef = 0CBD133C2B57D912000FCFBE /* LaunchScreen.storyboard */; };
		0CBD13492B57D912000FCFBE /* NoteTests.swift in Sources */ = {isa = PBXBuildFile; fileRef = 0CBD13482B57D912000FCFBE /* NoteTests.swift */; };
		0CBD13532B57D912000FCFBE /* NoteUITests.swift in Sources */ = {isa = PBXBuildFile; fileRef = 0CBD13522B57D912000FCFBE /* NoteUITests.swift */; };
		0CBD13552B57D912000FCFBE /* NoteUITestsLaunchTests.swift in Sources */ = {isa = PBXBuildFile; fileRef = 0CBD13542B57D912000FCFBE /* NoteUITestsLaunchTests.swift */; };
		0CBD13622B57DC56000FCFBE /* NoteCell.swift in Sources */ = {isa = PBXBuildFile; fileRef = 0CBD13612B57DC56000FCFBE /* NoteCell.swift */; };
		0CBD13642B57DC6A000FCFBE /* NoteTableView.swift in Sources */ = {isa = PBXBuildFile; fileRef = 0CBD13632B57DC6A000FCFBE /* NoteTableView.swift */; };
		0CBD13662B57DE4F000FCFBE /* Note.swift in Sources */ = {isa = PBXBuildFile; fileRef = 0CBD13652B57DE4F000FCFBE /* Note.swift */; };
/* End PBXBuildFile section */

/* Begin PBXContainerItemProxy section */
		0CBD13452B57D912000FCFBE /* PBXContainerItemProxy */ = {
			isa = PBXContainerItemProxy;
			containerPortal = 0CBD13232B57D911000FCFBE /* Project object */;
			proxyType = 1;
			remoteGlobalIDString = 0CBD132A2B57D911000FCFBE;
			remoteInfo = Note;
		};
		0CBD134F2B57D912000FCFBE /* PBXContainerItemProxy */ = {
			isa = PBXContainerItemProxy;
			containerPortal = 0CBD13232B57D911000FCFBE /* Project object */;
			proxyType = 1;
			remoteGlobalIDString = 0CBD132A2B57D911000FCFBE;
			remoteInfo = Note;
		};
/* End PBXContainerItemProxy section */

/* Begin PBXFileReference section */
		0CBD132B2B57D911000FCFBE /* Note.app */ = {isa = PBXFileReference; explicitFileType = wrapper.application; includeInIndex = 0; path = Note.app; sourceTree = BUILT_PRODUCTS_DIR; };
		0CBD132E2B57D911000FCFBE /* AppDelegate.swift */ = {isa = PBXFileReference; lastKnownFileType = sourcecode.swift; path = AppDelegate.swift; sourceTree = "<group>"; };
		0CBD13302B57D911000FCFBE /* SceneDelegate.swift */ = {isa = PBXFileReference; lastKnownFileType = sourcecode.swift; path = SceneDelegate.swift; sourceTree = "<group>"; };
		0CBD13322B57D911000FCFBE /* NoteDetailVC.swift */ = {isa = PBXFileReference; lastKnownFileType = sourcecode.swift; path = NoteDetailVC.swift; sourceTree = "<group>"; };
		0CBD13352B57D911000FCFBE /* Base */ = {isa = PBXFileReference; lastKnownFileType = file.storyboard; name = Base; path = Base.lproj/Main.storyboard; sourceTree = "<group>"; };
		0CBD13382B57D911000FCFBE /* Note.xcdatamodel */ = {isa = PBXFileReference; lastKnownFileType = wrapper.xcdatamodel; path = Note.xcdatamodel; sourceTree = "<group>"; };
		0CBD133A2B57D912000FCFBE /* Assets.xcassets */ = {isa = PBXFileReference; lastKnownFileType = folder.assetcatalog; path = Assets.xcassets; sourceTree = "<group>"; };
		0CBD133D2B57D912000FCFBE /* Base */ = {isa = PBXFileReference; lastKnownFileType = file.storyboard; name = Base; path = Base.lproj/LaunchScreen.storyboard; sourceTree = "<group>"; };
		0CBD133F2B57D912000FCFBE /* Info.plist */ = {isa = PBXFileReference; lastKnownFileType = text.plist.xml; path = Info.plist; sourceTree = "<group>"; };
		0CBD13442B57D912000FCFBE /* NoteTests.xctest */ = {isa = PBXFileReference; explicitFileType = wrapper.cfbundle; includeInIndex = 0; path = NoteTests.xctest; sourceTree = BUILT_PRODUCTS_DIR; };
		0CBD13482B57D912000FCFBE /* NoteTests.swift */ = {isa = PBXFileReference; lastKnownFileType = sourcecode.swift; path = NoteTests.swift; sourceTree = "<group>"; };
		0CBD134E2B57D912000FCFBE /* NoteUITests.xctest */ = {isa = PBXFileReference; explicitFileType = wrapper.cfbundle; includeInIndex = 0; path = NoteUITests.xctest; sourceTree = BUILT_PRODUCTS_DIR; };
		0CBD13522B57D912000FCFBE /* NoteUITests.swift */ = {isa = PBXFileReference; lastKnownFileType = sourcecode.swift; path = NoteUITests.swift; sourceTree = "<group>"; };
		0CBD13542B57D912000FCFBE /* NoteUITestsLaunchTests.swift */ = {isa = PBXFileReference; lastKnownFileType = sourcecode.swift; path = NoteUITestsLaunchTests.swift; sourceTree = "<group>"; };
		0CBD13612B57DC56000FCFBE /* NoteCell.swift */ = {isa = PBXFileReference; lastKnownFileType = sourcecode.swift; path = NoteCell.swift; sourceTree = "<group>"; };
		0CBD13632B57DC6A000FCFBE /* NoteTableView.swift */ = {isa = PBXFileReference; lastKnownFileType = sourcecode.swift; path = NoteTableView.swift; sourceTree = "<group>"; };
		0CBD13652B57DE4F000FCFBE /* Note.swift */ = {isa = PBXFileReference; lastKnownFileType = sourcecode.swift; path = Note.swift; sourceTree = "<group>"; };
/* End PBXFileReference section */

/* Begin PBXFrameworksBuildPhase section */
		0CBD13282B57D911000FCFBE /* Frameworks */ = {
			isa = PBXFrameworksBuildPhase;
			buildActionMask = 2147483647;
			files = (
			);
			runOnlyForDeploymentPostprocessing = 0;
		};
		0CBD13412B57D912000FCFBE /* Frameworks */ = {
			isa = PBXFrameworksBuildPhase;
			buildActionMask = 2147483647;
			files = (
			);
			runOnlyForDeploymentPostprocessing = 0;
		};
		0CBD134B2B57D912000FCFBE /* Frameworks */ = {
			isa = PBXFrameworksBuildPhase;
			buildActionMask = 2147483647;
			files = (
			);
			runOnlyForDeploymentPostprocessing = 0;
		};
/* End PBXFrameworksBuildPhase section */

/* Begin PBXGroup section */
		0CBD13222B57D911000FCFBE = {
			isa = PBXGroup;
			children = (
				0CBD132D2B57D911000FCFBE /* Note */,
				0CBD13472B57D912000FCFBE /* NoteTests */,
				0CBD13512B57D912000FCFBE /* NoteUITests */,
				0CBD132C2B57D911000FCFBE /* Products */,
			);
			sourceTree = "<group>";
		};
		0CBD132C2B57D911000FCFBE /* Products */ = {
			isa = PBXGroup;
			children = (
				0CBD132B2B57D911000FCFBE /* Note.app */,
				0CBD13442B57D912000FCFBE /* NoteTests.xctest */,
				0CBD134E2B57D912000FCFBE /* NoteUITests.xctest */,
			);
			name = Products;
			sourceTree = "<group>";
		};
		0CBD132D2B57D911000FCFBE /* Note */ = {
			isa = PBXGroup;
			children = (
				0CBD132E2B57D911000FCFBE /* AppDelegate.swift */,
				0CBD13302B57D911000FCFBE /* SceneDelegate.swift */,
				0CBD13322B57D911000FCFBE /* NoteDetailVC.swift */,
				0CBD13342B57D911000FCFBE /* Main.storyboard */,
				0CBD13612B57DC56000FCFBE /* NoteCell.swift */,
				0CBD13632B57DC6A000FCFBE /* NoteTableView.swift */,
				0CBD133A2B57D912000FCFBE /* Assets.xcassets */,
				0CBD133C2B57D912000FCFBE /* LaunchScreen.storyboard */,
				0CBD133F2B57D912000FCFBE /* Info.plist */,
				0CBD13372B57D911000FCFBE /* Note.xcdatamodeld */,
				0CBD13652B57DE4F000FCFBE /* Note.swift */,
			);
			path = Note;
			sourceTree = "<group>";
		};
		0CBD13472B57D912000FCFBE /* NoteTests */ = {
			isa = PBXGroup;
			children = (
				0CBD13482B57D912000FCFBE /* NoteTests.swift */,
			);
			path = NoteTests;
			sourceTree = "<group>";
		};
		0CBD13512B57D912000FCFBE /* NoteUITests */ = {
			isa = PBXGroup;
			children = (
				0CBD13522B57D912000FCFBE /* NoteUITests.swift */,
				0CBD13542B57D912000FCFBE /* NoteUITestsLaunchTests.swift */,
			);
			path = NoteUITests;
			sourceTree = "<group>";
		};
/* End PBXGroup section */

/* Begin PBXNativeTarget section */
		0CBD132A2B57D911000FCFBE /* Note */ = {
			isa = PBXNativeTarget;
			buildConfigurationList = 0CBD13582B57D912000FCFBE /* Build configuration list for PBXNativeTarget "Note" */;
			buildPhases = (
				0CBD13272B57D911000FCFBE /* Sources */,
				0CBD13282B57D911000FCFBE /* Frameworks */,
				0CBD13292B57D911000FCFBE /* Resources */,
			);
			buildRules = (
			);
			dependencies = (
			);
			name = Note;
			productName = Note;
			productReference = 0CBD132B2B57D911000FCFBE /* Note.app */;
			productType = "com.apple.product-type.application";
		};
		0CBD13432B57D912000FCFBE /* NoteTests */ = {
			isa = PBXNativeTarget;
			buildConfigurationList = 0CBD135B2B57D912000FCFBE /* Build configuration list for PBXNativeTarget "NoteTests" */;
			buildPhases = (
				0CBD13402B57D912000FCFBE /* Sources */,
				0CBD13412B57D912000FCFBE /* Frameworks */,
				0CBD13422B57D912000FCFBE /* Resources */,
			);
			buildRules = (
			);
			dependencies = (
				0CBD13462B57D912000FCFBE /* PBXTargetDependency */,
			);
			name = NoteTests;
			productName = NoteTests;
			productReference = 0CBD13442B57D912000FCFBE /* NoteTests.xctest */;
			productType = "com.apple.product-type.bundle.unit-test";
		};
		0CBD134D2B57D912000FCFBE /* NoteUITests */ = {
			isa = PBXNativeTarget;
			buildConfigurationList = 0CBD135E2B57D912000FCFBE /* Build configuration list for PBXNativeTarget "NoteUITests" */;
			buildPhases = (
				0CBD134A2B57D912000FCFBE /* Sources */,
				0CBD134B2B57D912000FCFBE /* Frameworks */,
				0CBD134C2B57D912000FCFBE /* Resources */,
			);
			buildRules = (
			);
			dependencies = (
				0CBD13502B57D912000FCFBE /* PBXTargetDependency */,
			);
			name = NoteUITests;
			productName = NoteUITests;
			productReference = 0CBD134E2B57D912000FCFBE /* NoteUITests.xctest */;
			productType = "com.apple.product-type.bundle.ui-testing";
		};
/* End PBXNativeTarget section */

/* Begin PBXProject section */
		0CBD13232B57D911000FCFBE /* Project object */ = {
			isa = PBXProject;
			attributes = {
				BuildIndependentTargetsInParallel = 1;
				LastSwiftUpdateCheck = 1510;
				LastUpgradeCheck = 1510;
				TargetAttributes = {
					0CBD132A2B57D911000FCFBE = {
						CreatedOnToolsVersion = 15.1;
					};
					0CBD13432B57D912000FCFBE = {
						CreatedOnToolsVersion = 15.1;
						TestTargetID = 0CBD132A2B57D911000FCFBE;
					};
					0CBD134D2B57D912000FCFBE = {
						CreatedOnToolsVersion = 15.1;
						TestTargetID = 0CBD132A2B57D911000FCFBE;
					};
				};
			};
			buildConfigurationList = 0CBD13262B57D911000FCFBE /* Build configuration list for PBXProject "Note" */;
			compatibilityVersion = "Xcode 14.0";
			developmentRegion = en;
			hasScannedForEncodings = 0;
			knownRegions = (
				en,
				Base,
			);
			mainGroup = 0CBD13222B57D911000FCFBE;
			productRefGroup = 0CBD132C2B57D911000FCFBE /* Products */;
			projectDirPath = "";
			projectRoot = "";
			targets = (
				0CBD132A2B57D911000FCFBE /* Note */,
				0CBD13432B57D912000FCFBE /* NoteTests */,
				0CBD134D2B57D912000FCFBE /* NoteUITests */,
			);
		};
/* End PBXProject section */

/* Begin PBXResourcesBuildPhase section */
		0CBD13292B57D911000FCFBE /* Resources */ = {
			isa = PBXResourcesBuildPhase;
			buildActionMask = 2147483647;
			files = (
				0CBD133E2B57D912000FCFBE /* LaunchScreen.storyboard in Resources */,
				0CBD133B2B57D912000FCFBE /* Assets.xcassets in Resources */,
				0CBD13362B57D911000FCFBE /* Main.storyboard in Resources */,
			);
			runOnlyForDeploymentPostprocessing = 0;
		};
		0CBD13422B57D912000FCFBE /* Resources */ = {
			isa = PBXResourcesBuildPhase;
			buildActionMask = 2147483647;
			files = (
			);
			runOnlyForDeploymentPostprocessing = 0;
		};
		0CBD134C2B57D912000FCFBE /* Resources */ = {
			isa = PBXResourcesBuildPhase;
			buildActionMask = 2147483647;
			files = (
			);
			runOnlyForDeploymentPostprocessing = 0;
		};
/* End PBXResourcesBuildPhase section */

/* Begin PBXSourcesBuildPhase section */
		0CBD13272B57D911000FCFBE /* Sources */ = {
			isa = PBXSourcesBuildPhase;
			buildActionMask = 2147483647;
			files = (
				0CBD13332B57D911000FCFBE /* NoteDetailVC.swift in Sources */,
				0CBD13642B57DC6A000FCFBE /* NoteTableView.swift in Sources */,
				0CBD13662B57DE4F000FCFBE /* Note.swift in Sources */,
				0CBD132F2B57D911000FCFBE /* AppDelegate.swift in Sources */,
				0CBD13622B57DC56000FCFBE /* NoteCell.swift in Sources */,
				0CBD13312B57D911000FCFBE /* SceneDelegate.swift in Sources */,
				0CBD13392B57D911000FCFBE /* Note.xcdatamodeld in Sources */,
			);
			runOnlyForDeploymentPostprocessing = 0;
		};
		0CBD13402B57D912000FCFBE /* Sources */ = {
			isa = PBXSourcesBuildPhase;
			buildActionMask = 2147483647;
			files = (
				0CBD13492B57D912000FCFBE /* NoteTests.swift in Sources */,
			);
			runOnlyForDeploymentPostprocessing = 0;
		};
		0CBD134A2B57D912000FCFBE /* Sources */ = {
			isa = PBXSourcesBuildPhase;
			buildActionMask = 2147483647;
			files = (
				0CBD13552B57D912000FCFBE /* NoteUITestsLaunchTests.swift in Sources */,
				0CBD13532B57D912000FCFBE /* NoteUITests.swift in Sources */,
			);
			runOnlyForDeploymentPostprocessing = 0;
		};
/* End PBXSourcesBuildPhase section */

/* Begin PBXTargetDependency section */
		0CBD13462B57D912000FCFBE /* PBXTargetDependency */ = {
			isa = PBXTargetDependency;
			target = 0CBD132A2B57D911000FCFBE /* Note */;
			targetProxy = 0CBD13452B57D912000FCFBE /* PBXContainerItemProxy */;
		};
		0CBD13502B57D912000FCFBE /* PBXTargetDependency */ = {
			isa = PBXTargetDependency;
			target = 0CBD132A2B57D911000FCFBE /* Note */;
			targetProxy = 0CBD134F2B57D912000FCFBE /* PBXContainerItemProxy */;
		};
/* End PBXTargetDependency section */

/* Begin PBXVariantGroup section */
		0CBD13342B57D911000FCFBE /* Main.storyboard */ = {
			isa = PBXVariantGroup;
			children = (
				0CBD13352B57D911000FCFBE /* Base */,
			);
			name = Main.storyboard;
			sourceTree = "<group>";
		};
		0CBD133C2B57D912000FCFBE /* LaunchScreen.storyboard */ = {
			isa = PBXVariantGroup;
			children = (
				0CBD133D2B57D912000FCFBE /* Base */,
			);
			name = LaunchScreen.storyboard;
			sourceTree = "<group>";
		};
/* End PBXVariantGroup section */

/* Begin XCBuildConfiguration section */
		0CBD13562B57D912000FCFBE /* Debug */ = {
			isa = XCBuildConfiguration;
			buildSettings = {
				ALWAYS_SEARCH_USER_PATHS = NO;
				ASSETCATALOG_COMPILER_GENERATE_SWIFT_ASSET_SYMBOL_EXTENSIONS = YES;
				CLANG_ANALYZER_NONNULL = YES;
				CLANG_ANALYZER_NUMBER_OBJECT_CONVERSION = YES_AGGRESSIVE;
				CLANG_CXX_LANGUAGE_STANDARD = "gnu++20";
				CLANG_ENABLE_MODULES = YES;
				CLANG_ENABLE_OBJC_ARC = YES;
				CLANG_ENABLE_OBJC_WEAK = YES;
				CLANG_WARN_BLOCK_CAPTURE_AUTORELEASING = YES;
				CLANG_WARN_BOOL_CONVERSION = YES;
				CLANG_WARN_COMMA = YES;
				CLANG_WARN_CONSTANT_CONVERSION = YES;
				CLANG_WARN_DEPRECATED_OBJC_IMPLEMENTATIONS = YES;
				CLANG_WARN_DIRECT_OBJC_ISA_USAGE = YES_ERROR;
				CLANG_WARN_DOCUMENTATION_COMMENTS = YES;
				CLANG_WARN_EMPTY_BODY = YES;
				CLANG_WARN_ENUM_CONVERSION = YES;
				CLANG_WARN_INFINITE_RECURSION = YES;
				CLANG_WARN_INT_CONVERSION = YES;
				CLANG_WARN_NON_LITERAL_NULL_CONVERSION = YES;
				CLANG_WARN_OBJC_IMPLICIT_RETAIN_SELF = YES;
				CLANG_WARN_OBJC_LITERAL_CONVERSION = YES;
				CLANG_WARN_OBJC_ROOT_CLASS = YES_ERROR;
				CLANG_WARN_QUOTED_INCLUDE_IN_FRAMEWORK_HEADER = YES;
				CLANG_WARN_RANGE_LOOP_ANALYSIS = YES;
				CLANG_WARN_STRICT_PROTOTYPES = YES;
				CLANG_WARN_SUSPICIOUS_MOVE = YES;
				CLANG_WARN_UNGUARDED_AVAILABILITY = YES_AGGRESSIVE;
				CLANG_WARN_UNREACHABLE_CODE = YES;
				CLANG_WARN__DUPLICATE_METHOD_MATCH = YES;
				COPY_PHASE_STRIP = NO;
				DEBUG_INFORMATION_FORMAT = dwarf;
				ENABLE_STRICT_OBJC_MSGSEND = YES;
				ENABLE_TESTABILITY = YES;
				ENABLE_USER_SCRIPT_SANDBOXING = YES;
				GCC_C_LANGUAGE_STANDARD = gnu17;
				GCC_DYNAMIC_NO_PIC = NO;
				GCC_NO_COMMON_BLOCKS = YES;
				GCC_OPTIMIZATION_LEVEL = 0;
				GCC_PREPROCESSOR_DEFINITIONS = (
					"DEBUG=1",
					"$(inherited)",
				);
				GCC_WARN_64_TO_32_BIT_CONVERSION = YES;
				GCC_WARN_ABOUT_RETURN_TYPE = YES_ERROR;
				GCC_WARN_UNDECLARED_SELECTOR = YES;
				GCC_WARN_UNINITIALIZED_AUTOS = YES_AGGRESSIVE;
				GCC_WARN_UNUSED_FUNCTION = YES;
				GCC_WARN_UNUSED_VARIABLE = YES;
				IPHONEOS_DEPLOYMENT_TARGET = 17.2;
				LOCALIZATION_PREFERS_STRING_CATALOGS = YES;
				MTL_ENABLE_DEBUG_INFO = INCLUDE_SOURCE;
				MTL_FAST_MATH = YES;
				ONLY_ACTIVE_ARCH = YES;
				SDKROOT = iphoneos;
				SWIFT_ACTIVE_COMPILATION_CONDITIONS = "DEBUG $(inherited)";
				SWIFT_OPTIMIZATION_LEVEL = "-Onone";
			};
			name = Debug;
		};
		0CBD13572B57D912000FCFBE /* Release */ = {
			isa = XCBuildConfiguration;
			buildSettings = {
				ALWAYS_SEARCH_USER_PATHS = NO;
				ASSETCATALOG_COMPILER_GENERATE_SWIFT_ASSET_SYMBOL_EXTENSIONS = YES;
				CLANG_ANALYZER_NONNULL = YES;
				CLANG_ANALYZER_NUMBER_OBJECT_CONVERSION = YES_AGGRESSIVE;
				CLANG_CXX_LANGUAGE_STANDARD = "gnu++20";
				CLANG_ENABLE_MODULES = YES;
				CLANG_ENABLE_OBJC_ARC = YES;
				CLANG_ENABLE_OBJC_WEAK = YES;
				CLANG_WARN_BLOCK_CAPTURE_AUTORELEASING = YES;
				CLANG_WARN_BOOL_CONVERSION = YES;
				CLANG_WARN_COMMA = YES;
				CLANG_WARN_CONSTANT_CONVERSION = YES;
				CLANG_WARN_DEPRECATED_OBJC_IMPLEMENTATIONS = YES;
				CLANG_WARN_DIRECT_OBJC_ISA_USAGE = YES_ERROR;
				CLANG_WARN_DOCUMENTATION_COMMENTS = YES;
				CLANG_WARN_EMPTY_BODY = YES;
				CLANG_WARN_ENUM_CONVERSION = YES;
				CLANG_WARN_INFINITE_RECURSION = YES;
				CLANG_WARN_INT_CONVERSION = YES;
				CLANG_WARN_NON_LITERAL_NULL_CONVERSION = YES;
				CLANG_WARN_OBJC_IMPLICIT_RETAIN_SELF = YES;
				CLANG_WARN_OBJC_LITERAL_CONVERSION = YES;
				CLANG_WARN_OBJC_ROOT_CLASS = YES_ERROR;
				CLANG_WARN_QUOTED_INCLUDE_IN_FRAMEWORK_HEADER = YES;
				CLANG_WARN_RANGE_LOOP_ANALYSIS = YES;
				CLANG_WARN_STRICT_PROTOTYPES = YES;
				CLANG_WARN_SUSPICIOUS_MOVE = YES;
				CLANG_WARN_UNGUARDED_AVAILABILITY = YES_AGGRESSIVE;
				CLANG_WARN_UNREACHABLE_CODE = YES;
				CLANG_WARN__DUPLICATE_METHOD_MATCH = YES;
				COPY_PHASE_STRIP = NO;
				DEBUG_INFORMATION_FORMAT = "dwarf-with-dsym";
				ENABLE_NS_ASSERTIONS = NO;
				ENABLE_STRICT_OBJC_MSGSEND = YES;
				ENABLE_USER_SCRIPT_SANDBOXING = YES;
				GCC_C_LANGUAGE_STANDARD = gnu17;
				GCC_NO_COMMON_BLOCKS = YES;
				GCC_WARN_64_TO_32_BIT_CONVERSION = YES;
				GCC_WARN_ABOUT_RETURN_TYPE = YES_ERROR;
				GCC_WARN_UNDECLARED_SELECTOR = YES;
				GCC_WARN_UNINITIALIZED_AUTOS = YES_AGGRESSIVE;
				GCC_WARN_UNUSED_FUNCTION = YES;
				GCC_WARN_UNUSED_VARIABLE = YES;
				IPHONEOS_DEPLOYMENT_TARGET = 17.2;
				LOCALIZATION_PREFERS_STRING_CATALOGS = YES;
				MTL_ENABLE_DEBUG_INFO = NO;
				MTL_FAST_MATH = YES;
				SDKROOT = iphoneos;
				SWIFT_COMPILATION_MODE = wholemodule;
				VALIDATE_PRODUCT = YES;
			};
			name = Release;
		};
		0CBD13592B57D912000FCFBE /* Debug */ = {
			isa = XCBuildConfiguration;
			buildSettings = {
				ASSETCATALOG_COMPILER_APPICON_NAME = AppIcon;
				ASSETCATALOG_COMPILER_GLOBAL_ACCENT_COLOR_NAME = AccentColor;
				CODE_SIGN_STYLE = Automatic;
				CURRENT_PROJECT_VERSION = 1;
				DEVELOPMENT_TEAM = 349AY4MTLZ;
				GENERATE_INFOPLIST_FILE = YES;
				INFOPLIST_FILE = Note/Info.plist;
				INFOPLIST_KEY_UIApplicationSupportsIndirectInputEvents = YES;
				INFOPLIST_KEY_UILaunchStoryboardName = LaunchScreen;
				INFOPLIST_KEY_UIMainStoryboardFile = Main;
				INFOPLIST_KEY_UISupportedInterfaceOrientations_iPad = "UIInterfaceOrientationPortrait UIInterfaceOrientationPortraitUpsideDown UIInterfaceOrientationLandscapeLeft UIInterfaceOrientationLandscapeRight";
				INFOPLIST_KEY_UISupportedInterfaceOrientations_iPhone = "UIInterfaceOrientationPortrait UIInterfaceOrientationLandscapeLeft UIInterfaceOrientationLandscapeRight";
				LD_RUNPATH_SEARCH_PATHS = (
					"$(inherited)",
					"@executable_path/Frameworks",
				);
				MARKETING_VERSION = 1.0;
				PRODUCT_BUNDLE_IDENTIFIER = com.G.Note1;
				PRODUCT_NAME = "$(TARGET_NAME)";
				SWIFT_EMIT_LOC_STRINGS = YES;
				SWIFT_VERSION = 5.0;
				TARGETED_DEVICE_FAMILY = "1,2";
			};
			name = Debug;
		};
		0CBD135A2B57D912000FCFBE /* Release */ = {
			isa = XCBuildConfiguration;
			buildSettings = {
				ASSETCATALOG_COMPILER_APPICON_NAME = AppIcon;
				ASSETCATALOG_COMPILER_GLOBAL_ACCENT_COLOR_NAME = AccentColor;
				CODE_SIGN_STYLE = Automatic;
				CURRENT_PROJECT_VERSION = 1;
				DEVELOPMENT_TEAM = 349AY4MTLZ;
				GENERATE_INFOPLIST_FILE = YES;
				INFOPLIST_FILE = Note/Info.plist;
				INFOPLIST_KEY_UIApplicationSupportsIndirectInputEvents = YES;
				INFOPLIST_KEY_UILaunchStoryboardName = LaunchScreen;
				INFOPLIST_KEY_UIMainStoryboardFile = Main;
				INFOPLIST_KEY_UISupportedInterfaceOrientations_iPad = "UIInterfaceOrientationPortrait UIInterfaceOrientationPortraitUpsideDown UIInterfaceOrientationLandscapeLeft UIInterfaceOrientationLandscapeRight";
				INFOPLIST_KEY_UISupportedInterfaceOrientations_iPhone = "UIInterfaceOrientationPortrait UIInterfaceOrientationLandscapeLeft UIInterfaceOrientationLandscapeRight";
				LD_RUNPATH_SEARCH_PATHS = (
					"$(inherited)",
					"@executable_path/Frameworks",
				);
				MARKETING_VERSION = 1.0;
				PRODUCT_BUNDLE_IDENTIFIER = com.G.Note1;
				PRODUCT_NAME = "$(TARGET_NAME)";
				SWIFT_EMIT_LOC_STRINGS = YES;
				SWIFT_VERSION = 5.0;
				TARGETED_DEVICE_FAMILY = "1,2";
			};
			name = Release;
		};
		0CBD135C2B57D912000FCFBE /* Debug */ = {
			isa = XCBuildConfiguration;
			buildSettings = {
				ALWAYS_EMBED_SWIFT_STANDARD_LIBRARIES = YES;
				BUNDLE_LOADER = "$(TEST_HOST)";
				CODE_SIGN_STYLE = Automatic;
				CURRENT_PROJECT_VERSION = 1;
				GENERATE_INFOPLIST_FILE = YES;
				IPHONEOS_DEPLOYMENT_TARGET = 17.2;
				MARKETING_VERSION = 1.0;
				PRODUCT_BUNDLE_IDENTIFIER = com.G.NoteTests;
				PRODUCT_NAME = "$(TARGET_NAME)";
				SWIFT_EMIT_LOC_STRINGS = NO;
				SWIFT_VERSION = 5.0;
				TARGETED_DEVICE_FAMILY = "1,2";
				TEST_HOST = "$(BUILT_PRODUCTS_DIR)/Note.app/$(BUNDLE_EXECUTABLE_FOLDER_PATH)/Note";
			};
			name = Debug;
		};
		0CBD135D2B57D912000FCFBE /* Release */ = {
			isa = XCBuildConfiguration;
			buildSettings = {
				ALWAYS_EMBED_SWIFT_STANDARD_LIBRARIES = YES;
				BUNDLE_LOADER = "$(TEST_HOST)";
				CODE_SIGN_STYLE = Automatic;
				CURRENT_PROJECT_VERSION = 1;
				GENERATE_INFOPLIST_FILE = YES;
				IPHONEOS_DEPLOYMENT_TARGET = 17.2;
				MARKETING_VERSION = 1.0;
				PRODUCT_BUNDLE_IDENTIFIER = com.G.NoteTests;
				PRODUCT_NAME = "$(TARGET_NAME)";
				SWIFT_EMIT_LOC_STRINGS = NO;
				SWIFT_VERSION = 5.0;
				TARGETED_DEVICE_FAMILY = "1,2";
				TEST_HOST = "$(BUILT_PRODUCTS_DIR)/Note.app/$(BUNDLE_EXECUTABLE_FOLDER_PATH)/Note";
			};
			name = Release;
		};
		0CBD135F2B57D912000FCFBE /* Debug */ = {
			isa = XCBuildConfiguration;
			buildSettings = {
				ALWAYS_EMBED_SWIFT_STANDARD_LIBRARIES = YES;
				CODE_SIGN_STYLE = Automatic;
				CURRENT_PROJECT_VERSION = 1;
				GENERATE_INFOPLIST_FILE = YES;
				MARKETING_VERSION = 1.0;
				PRODUCT_BUNDLE_IDENTIFIER = com.G.NoteUITests;
				PRODUCT_NAME = "$(TARGET_NAME)";
				SWIFT_EMIT_LOC_STRINGS = NO;
				SWIFT_VERSION = 5.0;
				TARGETED_DEVICE_FAMILY = "1,2";
				TEST_TARGET_NAME = Note;
			};
			name = Debug;
		};
		0CBD13602B57D912000FCFBE /* Release */ = {
			isa = XCBuildConfiguration;
			buildSettings = {
				ALWAYS_EMBED_SWIFT_STANDARD_LIBRARIES = YES;
				CODE_SIGN_STYLE = Automatic;
				CURRENT_PROJECT_VERSION = 1;
				GENERATE_INFOPLIST_FILE = YES;
				MARKETING_VERSION = 1.0;
				PRODUCT_BUNDLE_IDENTIFIER = com.G.NoteUITests;
				PRODUCT_NAME = "$(TARGET_NAME)";
				SWIFT_EMIT_LOC_STRINGS = NO;
				SWIFT_VERSION = 5.0;
				TARGETED_DEVICE_FAMILY = "1,2";
				TEST_TARGET_NAME = Note;
			};
			name = Release;
		};
/* End XCBuildConfiguration section */

/* Begin XCConfigurationList section */
		0CBD13262B57D911000FCFBE /* Build configuration list for PBXProject "Note" */ = {
			isa = XCConfigurationList;
			buildConfigurations = (
				0CBD13562B57D912000FCFBE /* Debug */,
				0CBD13572B57D912000FCFBE /* Release */,
			);
			defaultConfigurationIsVisible = 0;
			defaultConfigurationName = Release;
		};
		0CBD13582B57D912000FCFBE /* Build configuration list for PBXNativeTarget "Note" */ = {
			isa = XCConfigurationList;
			buildConfigurations = (
				0CBD13592B57D912000FCFBE /* Debug */,
				0CBD135A2B57D912000FCFBE /* Release */,
			);
			defaultConfigurationIsVisible = 0;
			defaultConfigurationName = Release;
		};
		0CBD135B2B57D912000FCFBE /* Build configuration list for PBXNativeTarget "NoteTests" */ = {
			isa = XCConfigurationList;
			buildConfigurations = (
				0CBD135C2B57D912000FCFBE /* Debug */,
				0CBD135D2B57D912000FCFBE /* Release */,
			);
			defaultConfigurationIsVisible = 0;
			defaultConfigurationName = Release;
		};
		0CBD135E2B57D912000FCFBE /* Build configuration list for PBXNativeTarget "NoteUITests" */ = {
			isa = XCConfigurationList;
			buildConfigurations = (
				0CBD135F2B57D912000FCFBE /* Debug */,
				0CBD13602B57D912000FCFBE /* Release */,
			);
			defaultConfigurationIsVisible = 0;
			defaultConfigurationName = Release;
		};
/* End XCConfigurationList section */

/* Begin XCVersionGroup section */
		0CBD13372B57D911000FCFBE /* Note.xcdatamodeld */ = {
			isa = XCVersionGroup;
			children = (
				0CBD13382B57D911000FCFBE /* Note.xcdatamodel */,
			);
			currentVersion = 0CBD13382B57D911000FCFBE /* Note.xcdatamodel */;
			path = Note.xcdatamodeld;
			sourceTree = "<group>";
			versionGroupType = wrapper.xcdatamodel;
		};
/* End XCVersionGroup section */
	};
	rootObject = 0CBD13232B57D911000FCFBE /* Project object */;
}
